
Microsoft Visual Studio Solution File, Format Version 12.00
# Visual Studio Version 16
VisualStudioVersion = 16.0.31112.23
MinimumVisualStudioVersion = 10.0.40219.1
Project("{9A19103F-16F7-4668-BE54-9A1E7A4F7556}") = "Lotto3000App", "Lotto3000App.csproj", "{4249CD8F-3BE4-4295-9E0B-5855BF033D00}"
EndProject
Project("{9A19103F-16F7-4668-BE54-9A1E7A4F7556}") = "Lotto3000App.DataAccess", "..\Lotto3000App.DataAccess\Lotto3000App.DataAccess.csproj", "{01F1CEDA-648E-45AC-B323-151CC698E4EE}"
EndProject
Project("{9A19103F-16F7-4668-BE54-9A1E7A4F7556}") = "Lotto3000App.Domain", "..\Lotto3000App.Domain\Lotto3000App.Domain.csproj", "{3BE33955-8538-444D-8FBE-3CB3F1921AA8}"
EndProject
Project("{9A19103F-16F7-4668-BE54-9A1E7A4F7556}") = "Lotto3000App.Shared", "..\Lotto3000App.Shared\Lotto3000App.Shared.csproj", "{A5BE69BF-5787-4DDF-8773-89B832784B78}"
EndProject
Project("{9A19103F-16F7-4668-BE54-9A1E7A4F7556}") = "Lotto3000App.Services", "..\Lotto3000App.Services\Lotto3000App.Services.csproj", "{E3D20043-897C-4475-8002-238BF6743688}"
EndProject
Project("{9A19103F-16F7-4668-BE54-9A1E7A4F7556}") = "Lotto3000App.Models", "..\Lotto3000App.Models\Lotto3000App.Models.csproj", "{8B4A70D5-C7B7-4DE9-AC7B-2108A10F3456}"
EndProject
Project("{9A19103F-16F7-4668-BE54-9A1E7A4F7556}") = "Lotto3000App.Helpers", "..\Lotto3000App.Helpers\Lotto3000App.Helpers.csproj", "{AE594AE3-5AE6-4230-A0FF-3CDC63F4B07C}"
EndProject
Project("{9A19103F-16F7-4668-BE54-9A1E7A4F7556}") = "Lotto3000App.Mappers", "..\Lotto3000App.Mappers\Lotto3000App.Mappers.csproj", "{19C13E71-5066-4A0B-A424-F7AFD1799BA9}"
EndProject
Project("{FAE04EC0-301F-11D3-BF4B-00C04F79EFBC}") = "Lotto3000App.Validators", "..\Lotto3000App.Validators\Lotto3000App.Validators.csproj", "{79F46FBA-18C0-4416-8360-E1DF86910204}"
EndProject
Global
	GlobalSection(SolutionConfigurationPlatforms) = preSolution
		Debug|Any CPU = Debug|Any CPU
		Release|Any CPU = Release|Any CPU
	EndGlobalSection
	GlobalSection(ProjectConfigurationPlatforms) = postSolution
		{4249CD8F-3BE4-4295-9E0B-5855BF033D00}.Debug|Any CPU.ActiveCfg = Debug|Any CPU
		{4249CD8F-3BE4-4295-9E0B-5855BF033D00}.Debug|Any CPU.Build.0 = Debug|Any CPU
		{4249CD8F-3BE4-4295-9E0B-5855BF033D00}.Release|Any CPU.ActiveCfg = Release|Any CPU
		{4249CD8F-3BE4-4295-9E0B-5855BF033D00}.Release|Any CPU.Build.0 = Release|Any CPU
		{01F1CEDA-648E-45AC-B323-151CC698E4EE}.Debug|Any CPU.ActiveCfg = Debug|Any CPU
		{01F1CEDA-648E-45AC-B323-151CC698E4EE}.Debug|Any CPU.Build.0 = Debug|Any CPU
		{01F1CEDA-648E-45AC-B323-151CC698E4EE}.Release|Any CPU.ActiveCfg = Release|Any CPU
		{01F1CEDA-648E-45AC-B323-151CC698E4EE}.Release|Any CPU.Build.0 = Release|Any CPU
		{3BE33955-8538-444D-8FBE-3CB3F1921AA8}.Debug|Any CPU.ActiveCfg = Debug|Any CPU
		{3BE33955-8538-444D-8FBE-3CB3F1921AA8}.Debug|Any CPU.Build.0 = Debug|Any CPU
		{3BE33955-8538-444D-8FBE-3CB3F1921AA8}.Release|Any CPU.ActiveCfg = Release|Any CPU
		{3BE33955-8538-444D-8FBE-3CB3F1921AA8}.Release|Any CPU.Build.0 = Release|Any CPU
		{A5BE69BF-5787-4DDF-8773-89B832784B78}.Debug|Any CPU.ActiveCfg = Debug|Any CPU
		{A5BE69BF-5787-4DDF-8773-89B832784B78}.Debug|Any CPU.Build.0 = Debug|Any CPU
		{A5BE69BF-5787-4DDF-8773-89B832784B78}.Release|Any CPU.ActiveCfg = Release|Any CPU
		{A5BE69BF-5787-4DDF-8773-89B832784B78}.Release|Any CPU.Build.0 = Release|Any CPU
		{E3D20043-897C-4475-8002-238BF6743688}.Debug|Any CPU.ActiveCfg = Debug|Any CPU
		{E3D20043-897C-4475-8002-238BF6743688}.Debug|Any CPU.Build.0 = Debug|Any CPU
		{E3D20043-897C-4475-8002-238BF6743688}.Release|Any CPU.ActiveCfg = Release|Any CPU
		{E3D20043-897C-4475-8002-238BF6743688}.Release|Any CPU.Build.0 = Release|Any CPU
		{8B4A70D5-C7B7-4DE9-AC7B-2108A10F3456}.Debug|Any CPU.ActiveCfg = Debug|Any CPU
		{8B4A70D5-C7B7-4DE9-AC7B-2108A10F3456}.Debug|Any CPU.Build.0 = Debug|Any CPU
		{8B4A70D5-C7B7-4DE9-AC7B-2108A10F3456}.Release|Any CPU.ActiveCfg = Release|Any CPU
		{8B4A70D5-C7B7-4DE9-AC7B-2108A10F3456}.Release|Any CPU.Build.0 = Release|Any CPU
		{AE594AE3-5AE6-4230-A0FF-3CDC63F4B07C}.Debug|Any CPU.ActiveCfg = Debug|Any CPU
		{AE594AE3-5AE6-4230-A0FF-3CDC63F4B07C}.Debug|Any CPU.Build.0 = Debug|Any CPU
		{AE594AE3-5AE6-4230-A0FF-3CDC63F4B07C}.Release|Any CPU.ActiveCfg = Release|Any CPU
		{AE594AE3-5AE6-4230-A0FF-3CDC63F4B07C}.Release|Any CPU.Build.0 = Release|Any CPU
		{19C13E71-5066-4A0B-A424-F7AFD1799BA9}.Debug|Any CPU.ActiveCfg = Debug|Any CPU
		{19C13E71-5066-4A0B-A424-F7AFD1799BA9}.Debug|Any CPU.Build.0 = Debug|Any CPU
		{19C13E71-5066-4A0B-A424-F7AFD1799BA9}.Release|Any CPU.ActiveCfg = Release|Any CPU
		{19C13E71-5066-4A0B-A424-F7AFD1799BA9}.Release|Any CPU.Build.0 = Release|Any CPU
		{79F46FBA-18C0-4416-8360-E1DF86910204}.Debug|Any CPU.ActiveCfg = Debug|Any CPU
		{79F46FBA-18C0-4416-8360-E1DF86910204}.Debug|Any CPU.Build.0 = Debug|Any CPU
		{79F46FBA-18C0-4416-8360-E1DF86910204}.Release|Any CPU.ActiveCfg = Release|Any CPU
		{79F46FBA-18C0-4416-8360-E1DF86910204}.Release|Any CPU.Build.0 = Release|Any CPU
	EndGlobalSection
	GlobalSection(SolutionProperties) = preSolution
		HideSolutionNode = FALSE
	EndGlobalSection
	GlobalSection(ExtensibilityGlobals) = postSolution
		SolutionGuid = {096032FF-AD75-42B0-BBC5-B442E254BD7E}
	EndGlobalSection
EndGlobal
